// !$*UTF8*$!
{
	archiveVersion = 1;
	classes = {
	};
	objectVersion = 56;
	objects = {

/* Begin PBXBuildFile section */
		31CE2F442A5152D9006BF7D1 /* FavouritePlaceApp.swift in Sources */ = {isa = PBXBuildFile; fileRef = 31CE2F432A5152D9006BF7D1 /* FavouritePlaceApp.swift */; };
		31CE2F462A5152D9006BF7D1 /* ContentView.swift in Sources */ = {isa = PBXBuildFile; fileRef = 31CE2F452A5152D9006BF7D1 /* ContentView.swift */; };
		31CE2F482A5152DB006BF7D1 /* Assets.xcassets in Resources */ = {isa = PBXBuildFile; fileRef = 31CE2F472A5152DB006BF7D1 /* Assets.xcassets */; };
		31CE2F4B2A5152DB006BF7D1 /* Preview Assets.xcassets in Resources */ = {isa = PBXBuildFile; fileRef = 31CE2F4A2A5152DB006BF7D1 /* Preview Assets.xcassets */; };
		31CE2F552A5152DB006BF7D1 /* FavouritePlaceTests.swift in Sources */ = {isa = PBXBuildFile; fileRef = 31CE2F542A5152DB006BF7D1 /* FavouritePlaceTests.swift */; };
		31CE2F5F2A5152DB006BF7D1 /* FavouritePlaceUITests.swift in Sources */ = {isa = PBXBuildFile; fileRef = 31CE2F5E2A5152DB006BF7D1 /* FavouritePlaceUITests.swift */; };
		31CE2F612A5152DB006BF7D1 /* FavouritePlaceUITestsLaunchTests.swift in Sources */ = {isa = PBXBuildFile; fileRef = 31CE2F602A5152DB006BF7D1 /* FavouritePlaceUITestsLaunchTests.swift */; };
/* End PBXBuildFile section */

/* Begin PBXContainerItemProxy section */
		31CE2F512A5152DB006BF7D1 /* PBXContainerItemProxy */ = {
			isa = PBXContainerItemProxy;
			containerPortal = 31CE2F382A5152D9006BF7D1 /* Project object */;
			proxyType = 1;
			remoteGlobalIDString = 31CE2F3F2A5152D9006BF7D1;
			remoteInfo = FavouritePlace;
		};
		31CE2F5B2A5152DB006BF7D1 /* PBXContainerItemProxy */ = {
			isa = PBXContainerItemProxy;
			containerPortal = 31CE2F382A5152D9006BF7D1 /* Project object */;
			proxyType = 1;
			remoteGlobalIDString = 31CE2F3F2A5152D9006BF7D1;
			remoteInfo = FavouritePlace;
		};
/* End PBXContainerItemProxy section */

/* Begin PBXFileReference section */
		31CE2F402A5152D9006BF7D1 /* FavouritePlace.app */ = {isa = PBXFileReference; explicitFileType = wrapper.application; includeInIndex = 0; path = FavouritePlace.app; sourceTree = BUILT_PRODUCTS_DIR; };
		31CE2F432A5152D9006BF7D1 /* FavouritePlaceApp.swift */ = {isa = PBXFileReference; lastKnownFileType = sourcecode.swift; path = FavouritePlaceApp.swift; sourceTree = "<group>"; };
		31CE2F452A5152D9006BF7D1 /* ContentView.swift */ = {isa = PBXFileReference; lastKnownFileType = sourcecode.swift; path = ContentView.swift; sourceTree = "<group>"; };
		31CE2F472A5152DB006BF7D1 /* Assets.xcassets */ = {isa = PBXFileReference; lastKnownFileType = folder.assetcatalog; path = Assets.xcassets; sourceTree = "<group>"; };
		31CE2F4A2A5152DB006BF7D1 /* Preview Assets.xcassets */ = {isa = PBXFileReference; lastKnownFileType = folder.assetcatalog; path = "Preview Assets.xcassets"; sourceTree = "<group>"; };
		31CE2F502A5152DB006BF7D1 /* FavouritePlaceTests.xctest */ = {isa = PBXFileReference; explicitFileType = wrapper.cfbundle; includeInIndex = 0; path = FavouritePlaceTests.xctest; sourceTree = BUILT_PRODUCTS_DIR; };
		31CE2F542A5152DB006BF7D1 /* FavouritePlaceTests.swift */ = {isa = PBXFileReference; lastKnownFileType = sourcecode.swift; path = FavouritePlaceTests.swift; sourceTree = "<group>"; };
		31CE2F5A2A5152DB006BF7D1 /* FavouritePlaceUITests.xctest */ = {isa = PBXFileReference; explicitFileType = wrapper.cfbundle; includeInIndex = 0; path = FavouritePlaceUITests.xctest; sourceTree = BUILT_PRODUCTS_DIR; };
		31CE2F5E2A5152DB006BF7D1 /* FavouritePlaceUITests.swift */ = {isa = PBXFileReference; lastKnownFileType = sourcecode.swift; path = FavouritePlaceUITests.swift; sourceTree = "<group>"; };
		31CE2F602A5152DB006BF7D1 /* FavouritePlaceUITestsLaunchTests.swift */ = {isa = PBXFileReference; lastKnownFileType = sourcecode.swift; path = FavouritePlaceUITestsLaunchTests.swift; sourceTree = "<group>"; };
/* End PBXFileReference section */

/* Begin PBXFrameworksBuildPhase section */
		31CE2F3D2A5152D9006BF7D1 /* Frameworks */ = {
			isa = PBXFrameworksBuildPhase;
			buildActionMask = 2147483647;
			files = (
			);
			runOnlyForDeploymentPostprocessing = 0;
		};
		31CE2F4D2A5152DB006BF7D1 /* Frameworks */ = {
			isa = PBXFrameworksBuildPhase;
			buildActionMask = 2147483647;
			files = (
			);
			runOnlyForDeploymentPostprocessing = 0;
		};
		31CE2F572A5152DB006BF7D1 /* Frameworks */ = {
			isa = PBXFrameworksBuildPhase;
			buildActionMask = 2147483647;
			files = (
			);
			runOnlyForDeploymentPostprocessing = 0;
		};
/* End PBXFrameworksBuildPhase section */

/* Begin PBXGroup section */
		31CE2F372A5152D9006BF7D1 = {
			isa = PBXGroup;
			children = (
				31CE2F422A5152D9006BF7D1 /* FavouritePlace */,
				31CE2F532A5152DB006BF7D1 /* FavouritePlaceTests */,
				31CE2F5D2A5152DB006BF7D1 /* FavouritePlaceUITests */,
				31CE2F412A5152D9006BF7D1 /* Products */,
			);
			sourceTree = "<group>";
		};
		31CE2F412A5152D9006BF7D1 /* Products */ = {
			isa = PBXGroup;
			children = (
				31CE2F402A5152D9006BF7D1 /* FavouritePlace.app */,
				31CE2F502A5152DB006BF7D1 /* FavouritePlaceTests.xctest */,
				31CE2F5A2A5152DB006BF7D1 /* FavouritePlaceUITests.xctest */,
			);
			name = Products;
			sourceTree = "<group>";
		};
		31CE2F422A5152D9006BF7D1 /* FavouritePlace */ = {
			isa = PBXGroup;
			children = (
				31CE2F432A5152D9006BF7D1 /* FavouritePlaceApp.swift */,
				31CE2F452A5152D9006BF7D1 /* ContentView.swift */,
				31CE2F472A5152DB006BF7D1 /* Assets.xcassets */,
				31CE2F492A5152DB006BF7D1 /* Preview Content */,
			);
			path = FavouritePlace;
			sourceTree = "<group>";
		};
		31CE2F492A5152DB006BF7D1 /* Preview Content */ = {
			isa = PBXGroup;
			children = (
				31CE2F4A2A5152DB006BF7D1 /* Preview Assets.xcassets */,
			);
			path = "Preview Content";
			sourceTree = "<group>";
		};
		31CE2F532A5152DB006BF7D1 /* FavouritePlaceTests */ = {
			isa = PBXGroup;
			children = (
				31CE2F542A5152DB006BF7D1 /* FavouritePlaceTests.swift */,
			);
			path = FavouritePlaceTests;
			sourceTree = "<group>";
		};
		31CE2F5D2A5152DB006BF7D1 /* FavouritePlaceUITests */ = {
			isa = PBXGroup;
			children = (
				31CE2F5E2A5152DB006BF7D1 /* FavouritePlaceUITests.swift */,
				31CE2F602A5152DB006BF7D1 /* FavouritePlaceUITestsLaunchTests.swift */,
			);
			path = FavouritePlaceUITests;
			sourceTree = "<group>";
		};
/* End PBXGroup section */

/* Begin PBXNativeTarget section */
		31CE2F3F2A5152D9006BF7D1 /* FavouritePlace */ = {
			isa = PBXNativeTarget;
			buildConfigurationList = 31CE2F642A5152DB006BF7D1 /* Build configuration list for PBXNativeTarget "FavouritePlace" */;
			buildPhases = (
				31CE2F3C2A5152D9006BF7D1 /* Sources */,
				31CE2F3D2A5152D9006BF7D1 /* Frameworks */,
				31CE2F3E2A5152D9006BF7D1 /* Resources */,
			);
			buildRules = (
			);
			dependencies = (
			);
			name = FavouritePlace;
			productName = FavouritePlace;
			productReference = 31CE2F402A5152D9006BF7D1 /* FavouritePlace.app */;
			productType = "com.apple.product-type.application";
		};
		31CE2F4F2A5152DB006BF7D1 /* FavouritePlaceTests */ = {
			isa = PBXNativeTarget;
			buildConfigurationList = 31CE2F672A5152DB006BF7D1 /* Build configuration list for PBXNativeTarget "FavouritePlaceTests" */;
			buildPhases = (
				31CE2F4C2A5152DB006BF7D1 /* Sources */,
				31CE2F4D2A5152DB006BF7D1 /* Frameworks */,
				31CE2F4E2A5152DB006BF7D1 /* Resources */,
			);
			buildRules = (
			);
			dependencies = (
				31CE2F522A5152DB006BF7D1 /* PBXTargetDependency */,
			);
			name = FavouritePlaceTests;
			productName = FavouritePlaceTests;
			productReference = 31CE2F502A5152DB006BF7D1 /* FavouritePlaceTests.xctest */;
			productType = "com.apple.product-type.bundle.unit-test";
		};
		31CE2F592A5152DB006BF7D1 /* FavouritePlaceUITests */ = {
			isa = PBXNativeTarget;
			buildConfigurationList = 31CE2F6A2A5152DB006BF7D1 /* Build configuration list for PBXNativeTarget "FavouritePlaceUITests" */;
			buildPhases = (
				31CE2F562A5152DB006BF7D1 /* Sources */,
				31CE2F572A5152DB006BF7D1 /* Frameworks */,
				31CE2F582A5152DB006BF7D1 /* Resources */,
			);
			buildRules = (
			);
			dependencies = (
				31CE2F5C2A5152DB006BF7D1 /* PBXTargetDependency */,
			);
			name = FavouritePlaceUITests;
			productName = FavouritePlaceUITests;
			productReference = 31CE2F5A2A5152DB006BF7D1 /* FavouritePlaceUITests.xctest */;
			productType = "com.apple.product-type.bundle.ui-testing";
		};
/* End PBXNativeTarget section */

/* Begin PBXProject section */
		31CE2F382A5152D9006BF7D1 /* Project object */ = {
			isa = PBXProject;
			attributes = {
				BuildIndependentTargetsInParallel = 1;
				LastSwiftUpdateCheck = 1500;
				LastUpgradeCheck = 1500;
				TargetAttributes = {
					31CE2F3F2A5152D9006BF7D1 = {
						CreatedOnToolsVersion = 15.0;
					};
					31CE2F4F2A5152DB006BF7D1 = {
						CreatedOnToolsVersion = 15.0;
						TestTargetID = 31CE2F3F2A5152D9006BF7D1;
					};
					31CE2F592A5152DB006BF7D1 = {
						CreatedOnToolsVersion = 15.0;
						TestTargetID = 31CE2F3F2A5152D9006BF7D1;
					};
				};
			};
			buildConfigurationList = 31CE2F3B2A5152D9006BF7D1 /* Build configuration list for PBXProject "FavouritePlace" */;
			compatibilityVersion = "Xcode 14.0";
			developmentRegion = en;
			hasScannedForEncodings = 0;
			knownRegions = (
				en,
				Base,
			);
			mainGroup = 31CE2F372A5152D9006BF7D1;
			productRefGroup = 31CE2F412A5152D9006BF7D1 /* Products */;
			projectDirPath = "";
			projectRoot = "";
			targets = (
				31CE2F3F2A5152D9006BF7D1 /* FavouritePlace */,
				31CE2F4F2A5152DB006BF7D1 /* FavouritePlaceTests */,
				31CE2F592A5152DB006BF7D1 /* FavouritePlaceUITests */,
			);
		};
/* End PBXProject section */

/* Begin PBXResourcesBuildPhase section */
		31CE2F3E2A5152D9006BF7D1 /* Resources */ = {
			isa = PBXResourcesBuildPhase;
			buildActionMask = 2147483647;
			files = (
				31CE2F4B2A5152DB006BF7D1 /* Preview Assets.xcassets in Resources */,
				31CE2F482A5152DB006BF7D1 /* Assets.xcassets in Resources */,
			);
			runOnlyForDeploymentPostprocessing = 0;
		};
		31CE2F4E2A5152DB006BF7D1 /* Resources */ = {
			isa = PBXResourcesBuildPhase;
			buildActionMask = 2147483647;
			files = (
			);
			runOnlyForDeploymentPostprocessing = 0;
		};
		31CE2F582A5152DB006BF7D1 /* Resources */ = {
			isa = PBXResourcesBuildPhase;
			buildActionMask = 2147483647;
			files = (
			);
			runOnlyForDeploymentPostprocessing = 0;
		};
/* End PBXResourcesBuildPhase section */

/* Begin PBXSourcesBuildPhase section */
		31CE2F3C2A5152D9006BF7D1 /* Sources */ = {
			isa = PBXSourcesBuildPhase;
			buildActionMask = 2147483647;
			files = (
				31CE2F462A5152D9006BF7D1 /* ContentView.swift in Sources */,
				31CE2F442A5152D9006BF7D1 /* FavouritePlaceApp.swift in Sources */,
			);
			runOnlyForDeploymentPostprocessing = 0;
		};
		31CE2F4C2A5152DB006BF7D1 /* Sources */ = {
			isa = PBXSourcesBuildPhase;
			buildActionMask = 2147483647;
			files = (
				31CE2F552A5152DB006BF7D1 /* FavouritePlaceTests.swift in Sources */,
			);
			runOnlyForDeploymentPostprocessing = 0;
		};
		31CE2F562A5152DB006BF7D1 /* Sources */ = {
			isa = PBXSourcesBuildPhase;
			buildActionMask = 2147483647;
			files = (
				31CE2F612A5152DB006BF7D1 /* FavouritePlaceUITestsLaunchTests.swift in Sources */,
				31CE2F5F2A5152DB006BF7D1 /* FavouritePlaceUITests.swift in Sources */,
			);
			runOnlyForDeploymentPostprocessing = 0;
		};
/* End PBXSourcesBuildPhase section */

/* Begin PBXTargetDependency section */
		31CE2F522A5152DB006BF7D1 /* PBXTargetDependency */ = {
			isa = PBXTargetDependency;
			target = 31CE2F3F2A5152D9006BF7D1 /* FavouritePlace */;
			targetProxy = 31CE2F512A5152DB006BF7D1 /* PBXContainerItemProxy */;
		};
		31CE2F5C2A5152DB006BF7D1 /* PBXTargetDependency */ = {
			isa = PBXTargetDependency;
			target = 31CE2F3F2A5152D9006BF7D1 /* FavouritePlace */;
			targetProxy = 31CE2F5B2A5152DB006BF7D1 /* PBXContainerItemProxy */;
		};
/* End PBXTargetDependency section */

/* Begin XCBuildConfiguration section */
		31CE2F622A5152DB006BF7D1 /* Debug */ = {
			isa = XCBuildConfiguration;
			buildSettings = {
				ALWAYS_SEARCH_USER_PATHS = NO;
				ASSETCATALOG_COMPILER_GENERATE_SWIFT_ASSET_SYMBOL_EXTENSIONS = YES;
				CLANG_ANALYZER_NONNULL = YES;
				CLANG_ANALYZER_NUMBER_OBJECT_CONVERSION = YES_AGGRESSIVE;
				CLANG_CXX_LANGUAGE_STANDARD = "gnu++20";
				CLANG_ENABLE_MODULES = YES;
				CLANG_ENABLE_OBJC_ARC = YES;
				CLANG_ENABLE_OBJC_WEAK = YES;
				CLANG_WARN_BLOCK_CAPTURE_AUTORELEASING = YES;
				CLANG_WARN_BOOL_CONVERSION = YES;
				CLANG_WARN_COMMA = YES;
				CLANG_WARN_CONSTANT_CONVERSION = YES;
				CLANG_WARN_DEPRECATED_OBJC_IMPLEMENTATIONS = YES;
				CLANG_WARN_DIRECT_OBJC_ISA_USAGE = YES_ERROR;
				CLANG_WARN_DOCUMENTATION_COMMENTS = YES;
				CLANG_WARN_EMPTY_BODY = YES;
				CLANG_WARN_ENUM_CONVERSION = YES;
				CLANG_WARN_INFINITE_RECURSION = YES;
				CLANG_WARN_INT_CONVERSION = YES;
				CLANG_WARN_NON_LITERAL_NULL_CONVERSION = YES;
				CLANG_WARN_OBJC_IMPLICIT_RETAIN_SELF = YES;
				CLANG_WARN_OBJC_LITERAL_CONVERSION = YES;
				CLANG_WARN_OBJC_ROOT_CLASS = YES_ERROR;
				CLANG_WARN_QUOTED_INCLUDE_IN_FRAMEWORK_HEADER = YES;
				CLANG_WARN_RANGE_LOOP_ANALYSIS = YES;
				CLANG_WARN_STRICT_PROTOTYPES = YES;
				CLANG_WARN_SUSPICIOUS_MOVE = YES;
				CLANG_WARN_UNGUARDED_AVAILABILITY = YES_AGGRESSIVE;
				CLANG_WARN_UNREACHABLE_CODE = YES;
				CLANG_WARN__DUPLICATE_METHOD_MATCH = YES;
				COPY_PHASE_STRIP = NO;
				DEBUG_INFORMATION_FORMAT = dwarf;
				ENABLE_STRICT_OBJC_MSGSEND = YES;
				ENABLE_TESTABILITY = YES;
				ENABLE_USER_SCRIPT_SANDBOXING = YES;
				GCC_C_LANGUAGE_STANDARD = gnu17;
				GCC_DYNAMIC_NO_PIC = NO;
				GCC_NO_COMMON_BLOCKS = YES;
				GCC_OPTIMIZATION_LEVEL = 0;
				GCC_PREPROCESSOR_DEFINITIONS = (
					"DEBUG=1",
					"$(inherited)",
				);
				GCC_WARN_64_TO_32_BIT_CONVERSION = YES;
				GCC_WARN_ABOUT_RETURN_TYPE = YES_ERROR;
				GCC_WARN_UNDECLARED_SELECTOR = YES;
				GCC_WARN_UNINITIALIZED_AUTOS = YES_AGGRESSIVE;
				GCC_WARN_UNUSED_FUNCTION = YES;
				GCC_WARN_UNUSED_VARIABLE = YES;
				IPHONEOS_DEPLOYMENT_TARGET = 17.0;
				LOCALIZATION_PREFERS_STRING_CATALOGS = YES;
				MTL_ENABLE_DEBUG_INFO = INCLUDE_SOURCE;
				MTL_FAST_MATH = YES;
				ONLY_ACTIVE_ARCH = YES;
				SDKROOT = iphoneos;
				SWIFT_ACTIVE_COMPILATION_CONDITIONS = "DEBUG $(inherited)";
				SWIFT_OPTIMIZATION_LEVEL = "-Onone";
			};
			name = Debug;
		};
		31CE2F632A5152DB006BF7D1 /* Release */ = {
			isa = XCBuildConfiguration;
			buildSettings = {
				ALWAYS_SEARCH_USER_PATHS = NO;
				ASSETCATALOG_COMPILER_GENERATE_SWIFT_ASSET_SYMBOL_EXTENSIONS = YES;
				CLANG_ANALYZER_NONNULL = YES;
				CLANG_ANALYZER_NUMBER_OBJECT_CONVERSION = YES_AGGRESSIVE;
				CLANG_CXX_LANGUAGE_STANDARD = "gnu++20";
				CLANG_ENABLE_MODULES = YES;
				CLANG_ENABLE_OBJC_ARC = YES;
				CLANG_ENABLE_OBJC_WEAK = YES;
				CLANG_WARN_BLOCK_CAPTURE_AUTORELEASING = YES;
				CLANG_WARN_BOOL_CONVERSION = YES;
				CLANG_WARN_COMMA = YES;
				CLANG_WARN_CONSTANT_CONVERSION = YES;
				CLANG_WARN_DEPRECATED_OBJC_IMPLEMENTATIONS = YES;
				CLANG_WARN_DIRECT_OBJC_ISA_USAGE = YES_ERROR;
				CLANG_WARN_DOCUMENTATION_COMMENTS = YES;
				CLANG_WARN_EMPTY_BODY = YES;
				CLANG_WARN_ENUM_CONVERSION = YES;
				CLANG_WARN_INFINITE_RECURSION = YES;
				CLANG_WARN_INT_CONVERSION = YES;
				CLANG_WARN_NON_LITERAL_NULL_CONVERSION = YES;
				CLANG_WARN_OBJC_IMPLICIT_RETAIN_SELF = YES;
				CLANG_WARN_OBJC_LITERAL_CONVERSION = YES;
				CLANG_WARN_OBJC_ROOT_CLASS = YES_ERROR;
				CLANG_WARN_QUOTED_INCLUDE_IN_FRAMEWORK_HEADER = YES;
				CLANG_WARN_RANGE_LOOP_ANALYSIS = YES;
				CLANG_WARN_STRICT_PROTOTYPES = YES;
				CLANG_WARN_SUSPICIOUS_MOVE = YES;
				CLANG_WARN_UNGUARDED_AVAILABILITY = YES_AGGRESSIVE;
				CLANG_WARN_UNREACHABLE_CODE = YES;
				CLANG_WARN__DUPLICATE_METHOD_MATCH = YES;
				COPY_PHASE_STRIP = NO;
				DEBUG_INFORMATION_FORMAT = "dwarf-with-dsym";
				ENABLE_NS_ASSERTIONS = NO;
				ENABLE_STRICT_OBJC_MSGSEND = YES;
				ENABLE_USER_SCRIPT_SANDBOXING = YES;
				GCC_C_LANGUAGE_STANDARD = gnu17;
				GCC_NO_COMMON_BLOCKS = YES;
				GCC_WARN_64_TO_32_BIT_CONVERSION = YES;
				GCC_WARN_ABOUT_RETURN_TYPE = YES_ERROR;
				GCC_WARN_UNDECLARED_SELECTOR = YES;
				GCC_WARN_UNINITIALIZED_AUTOS = YES_AGGRESSIVE;
				GCC_WARN_UNUSED_FUNCTION = YES;
				GCC_WARN_UNUSED_VARIABLE = YES;
				IPHONEOS_DEPLOYMENT_TARGET = 17.0;
				LOCALIZATION_PREFERS_STRING_CATALOGS = YES;
				MTL_ENABLE_DEBUG_INFO = NO;
				MTL_FAST_MATH = YES;
				SDKROOT = iphoneos;
				SWIFT_COMPILATION_MODE = wholemodule;
				VALIDATE_PRODUCT = YES;
			};
			name = Release;
		};
		31CE2F652A5152DB006BF7D1 /* Debug */ = {
			isa = XCBuildConfiguration;
			buildSettings = {
				ASSETCATALOG_COMPILER_APPICON_NAME = AppIcon;
				ASSETCATALOG_COMPILER_GLOBAL_ACCENT_COLOR_NAME = AccentColor;
				CODE_SIGN_STYLE = Automatic;
				CURRENT_PROJECT_VERSION = 1;
				DEVELOPMENT_ASSET_PATHS = "\"FavouritePlace/Preview Content\"";
				DEVELOPMENT_TEAM = 3K5BT8EBBM;
				ENABLE_PREVIEWS = YES;
				GENERATE_INFOPLIST_FILE = YES;
				INFOPLIST_KEY_UIApplicationSceneManifest_Generation = YES;
				INFOPLIST_KEY_UIApplicationSupportsIndirectInputEvents = YES;
				INFOPLIST_KEY_UILaunchScreen_Generation = YES;
				INFOPLIST_KEY_UISupportedInterfaceOrientations_iPad = "UIInterfaceOrientationPortrait UIInterfaceOrientationPortraitUpsideDown UIInterfaceOrientationLandscapeLeft UIInterfaceOrientationLandscapeRight";
				INFOPLIST_KEY_UISupportedInterfaceOrientations_iPhone = "UIInterfaceOrientationPortrait UIInterfaceOrientationLandscapeLeft UIInterfaceOrientationLandscapeRight";
				LD_RUNPATH_SEARCH_PATHS = (
					"$(inherited)",
					"@executable_path/Frameworks",
				);
				MARKETING_VERSION = 1.0;
				PRODUCT_BUNDLE_IDENTIFIER = OluwaAppCreator.FavouritePlace;
				PRODUCT_NAME = "$(TARGET_NAME)";
				SWIFT_EMIT_LOC_STRINGS = YES;
				SWIFT_VERSION = 5.0;
				TARGETED_DEVICE_FAMILY = "1,2";
			};
			name = Debug;
		};
		31CE2F662A5152DB006BF7D1 /* Release */ = {
			isa = XCBuildConfiguration;
			buildSettings = {
				ASSETCATALOG_COMPILER_APPICON_NAME = AppIcon;
				ASSETCATALOG_COMPILER_GLOBAL_ACCENT_COLOR_NAME = AccentColor;
				CODE_SIGN_STYLE = Automatic;
				CURRENT_PROJECT_VERSION = 1;
				DEVELOPMENT_ASSET_PATHS = "\"FavouritePlace/Preview Content\"";
				DEVELOPMENT_TEAM = 3K5BT8EBBM;
				ENABLE_PREVIEWS = YES;
				GENERATE_INFOPLIST_FILE = YES;
				INFOPLIST_KEY_UIApplicationSceneManifest_Generation = YES;
				INFOPLIST_KEY_UIApplicationSupportsIndirectInputEvents = YES;
				INFOPLIST_KEY_UILaunchScreen_Generation = YES;
				INFOPLIST_KEY_UISupportedInterfaceOrientations_iPad = "UIInterfaceOrientationPortrait UIInterfaceOrientationPortraitUpsideDown UIInterfaceOrientationLandscapeLeft UIInterfaceOrientationLandscapeRight";
				INFOPLIST_KEY_UISupportedInterfaceOrientations_iPhone = "UIInterfaceOrientationPortrait UIInterfaceOrientationLandscapeLeft UIInterfaceOrientationLandscapeRight";
				LD_RUNPATH_SEARCH_PATHS = (
					"$(inherited)",
					"@executable_path/Frameworks",
				);
				MARKETING_VERSION = 1.0;
				PRODUCT_BUNDLE_IDENTIFIER = OluwaAppCreator.FavouritePlace;
				PRODUCT_NAME = "$(TARGET_NAME)";
				SWIFT_EMIT_LOC_STRINGS = YES;
				SWIFT_VERSION = 5.0;
				TARGETED_DEVICE_FAMILY = "1,2";
			};
			name = Release;
		};
		31CE2F682A5152DB006BF7D1 /* Debug */ = {
			isa = XCBuildConfiguration;
			buildSettings = {
				ALWAYS_EMBED_SWIFT_STANDARD_LIBRARIES = YES;
				BUNDLE_LOADER = "$(TEST_HOST)";
				CODE_SIGN_STYLE = Automatic;
				CURRENT_PROJECT_VERSION = 1;
				DEVELOPMENT_TEAM = 3K5BT8EBBM;
				GENERATE_INFOPLIST_FILE = YES;
				IPHONEOS_DEPLOYMENT_TARGET = 17.0;
				MARKETING_VERSION = 1.0;
				PRODUCT_BUNDLE_IDENTIFIER = OluwaAppCreator.FavouritePlaceTests;
				PRODUCT_NAME = "$(TARGET_NAME)";
				SWIFT_EMIT_LOC_STRINGS = NO;
				SWIFT_VERSION = 5.0;
				TARGETED_DEVICE_FAMILY = "1,2";
				TEST_HOST = "$(BUILT_PRODUCTS_DIR)/FavouritePlace.app/$(BUNDLE_EXECUTABLE_FOLDER_PATH)/FavouritePlace";
			};
			name = Debug;
		};
		31CE2F692A5152DB006BF7D1 /* Release */ = {
			isa = XCBuildConfiguration;
			buildSettings = {
				ALWAYS_EMBED_SWIFT_STANDARD_LIBRARIES = YES;
				BUNDLE_LOADER = "$(TEST_HOST)";
				CODE_SIGN_STYLE = Automatic;
				CURRENT_PROJECT_VERSION = 1;
				DEVELOPMENT_TEAM = 3K5BT8EBBM;
				GENERATE_INFOPLIST_FILE = YES;
				IPHONEOS_DEPLOYMENT_TARGET = 17.0;
				MARKETING_VERSION = 1.0;
				PRODUCT_BUNDLE_IDENTIFIER = OluwaAppCreator.FavouritePlaceTests;
				PRODUCT_NAME = "$(TARGET_NAME)";
				SWIFT_EMIT_LOC_STRINGS = NO;
				SWIFT_VERSION = 5.0;
				TARGETED_DEVICE_FAMILY = "1,2";
				TEST_HOST = "$(BUILT_PRODUCTS_DIR)/FavouritePlace.app/$(BUNDLE_EXECUTABLE_FOLDER_PATH)/FavouritePlace";
			};
			name = Release;
		};
		31CE2F6B2A5152DB006BF7D1 /* Debug */ = {
			isa = XCBuildConfiguration;
			buildSettings = {
				ALWAYS_EMBED_SWIFT_STANDARD_LIBRARIES = YES;
				CODE_SIGN_STYLE = Automatic;
				CURRENT_PROJECT_VERSION = 1;
				DEVELOPMENT_TEAM = 3K5BT8EBBM;
				GENERATE_INFOPLIST_FILE = YES;
				MARKETING_VERSION = 1.0;
				PRODUCT_BUNDLE_IDENTIFIER = OluwaAppCreator.FavouritePlaceUITests;
				PRODUCT_NAME = "$(TARGET_NAME)";
				SWIFT_EMIT_LOC_STRINGS = NO;
				SWIFT_VERSION = 5.0;
				TARGETED_DEVICE_FAMILY = "1,2";
				TEST_TARGET_NAME = FavouritePlace;
			};
			name = Debug;
		};
		31CE2F6C2A5152DB006BF7D1 /* Release */ = {
			isa = XCBuildConfiguration;
			buildSettings = {
				ALWAYS_EMBED_SWIFT_STANDARD_LIBRARIES = YES;
				CODE_SIGN_STYLE = Automatic;
				CURRENT_PROJECT_VERSION = 1;
				DEVELOPMENT_TEAM = 3K5BT8EBBM;
				GENERATE_INFOPLIST_FILE = YES;
				MARKETING_VERSION = 1.0;
				PRODUCT_BUNDLE_IDENTIFIER = OluwaAppCreator.FavouritePlaceUITests;
				PRODUCT_NAME = "$(TARGET_NAME)";
				SWIFT_EMIT_LOC_STRINGS = NO;
				SWIFT_VERSION = 5.0;
				TARGETED_DEVICE_FAMILY = "1,2";
				TEST_TARGET_NAME = FavouritePlace;
			};
			name = Release;
		};
/* End XCBuildConfiguration section */

/* Begin XCConfigurationList section */
		31CE2F3B2A5152D9006BF7D1 /* Build configuration list for PBXProject "FavouritePlace" */ = {
			isa = XCConfigurationList;
			buildConfigurations = (
				31CE2F622A5152DB006BF7D1 /* Debug */,
				31CE2F632A5152DB006BF7D1 /* Release */,
			);
			defaultConfigurationIsVisible = 0;
			defaultConfigurationName = Release;
		};
		31CE2F642A5152DB006BF7D1 /* Build configuration list for PBXNativeTarget "FavouritePlace" */ = {
			isa = XCConfigurationList;
			buildConfigurations = (
				31CE2F652A5152DB006BF7D1 /* Debug */,
				31CE2F662A5152DB006BF7D1 /* Release */,
			);
			defaultConfigurationIsVisible = 0;
			defaultConfigurationName = Release;
		};
		31CE2F672A5152DB006BF7D1 /* Build configuration list for PBXNativeTarget "FavouritePlaceTests" */ = {
			isa = XCConfigurationList;
			buildConfigurations = (
				31CE2F682A5152DB006BF7D1 /* Debug */,
				31CE2F692A5152DB006BF7D1 /* Release */,
			);
			defaultConfigurationIsVisible = 0;
			defaultConfigurationName = Release;
		};
		31CE2F6A2A5152DB006BF7D1 /* Build configuration list for PBXNativeTarget "FavouritePlaceUITests" */ = {
			isa = XCConfigurationList;
			buildConfigurations = (
				31CE2F6B2A5152DB006BF7D1 /* Debug */,
				31CE2F6C2A5152DB006BF7D1 /* Release */,
			);
			defaultConfigurationIsVisible = 0;
			defaultConfigurationName = Release;
		};
/* End XCConfigurationList section */
	};
	rootObject = 31CE2F382A5152D9006BF7D1 /* Project object */;
}
